
Microsoft Visual Studio Solution File, Format Version 12.00
# Visual Studio Version 17
VisualStudioVersion = 17.7.34009.444
MinimumVisualStudioVersion = 10.0.40219.1
Project("{FAE04EC0-301F-11D3-BF4B-00C04F79EFBC}") = "ControldeCodigo", "ControldeCodigo\ControldeCodigo.csproj", "{A207A427-1728-4D8C-A442-5B9B1C852727}"
EndProject
Global
	GlobalSection(SolutionConfigurationPlatforms) = preSolution
		Debug|Any CPU = Debug|Any CPU
		Release|Any CPU = Release|Any CPU
	EndGlobalSection
	GlobalSection(ProjectConfigurationPlatforms) = postSolution
		{A207A427-1728-4D8C-A442-5B9B1C852727}.Debug|Any CPU.ActiveCfg = Debug|Any CPU
		{A207A427-1728-4D8C-A442-5B9B1C852727}.Debug|Any CPU.Build.0 = Debug|Any CPU
		{A207A427-1728-4D8C-A442-5B9B1C852727}.Release|Any CPU.ActiveCfg = Release|Any CPU
		{A207A427-1728-4D8C-A442-5B9B1C852727}.Release|Any CPU.Build.0 = Release|Any CPU
	EndGlobalSection
	GlobalSection(SolutionProperties) = preSolution
		HideSolutionNode = FALSE
	EndGlobalSection
	GlobalSection(ExtensibilityGlobals) = postSolution
		SolutionGuid = {C3E9ADAB-35AC-410D-A556-BAF7BF236728}
	EndGlobalSection
EndGlobal
